{
  "nodes": {
    "naersk": {
      "inputs": {
        "nixpkgs": "nixpkgs"
      },
      "locked": {
        "lastModified": 1614785451,
        "narHash": "sha256-TPw8kQvr2UNCuvndtY+EjyXp6Q5GEW2l9UafXXh1XmI=",
        "owner": "nmattia",
        "repo": "naersk",
        "rev": "e0fe990b478a66178a58c69cf53daec0478ca6f9",
        "type": "github"
      },
      "original": {
        "owner": "nmattia",
        "repo": "naersk",
        "type": "github"
      }
    },
    "nixpkgs": {
      "locked": {
        "lastModified": 1615921413,
        "narHash": "sha256-pr9UUS52tsKTr5FvOCrY6IErpgWmY7EML/lV6dvKtoU=",
        "owner": "NixOS",
        "repo": "nixpkgs",
        "rev": "e9f42f11e5c43893babbe832a1e835e0eefc5ac8",
        "type": "github"
      },
      "original": {
        "id": "nixpkgs",
        "type": "indirect"
      }
    },
    "nixpkgs_2": {
      "locked": {
        "lastModified": 1615700798,
        "narHash": "sha256-JrHXElVpYkeJnAjPxl+JGipKPSAObenlem23vbfQ5Tw=",
        "owner": "NixOS",
        "repo": "nixpkgs",
        "rev": "243ddc22bf35670a716ff252ac7f3281b855f7e5",
        "type": "github"
      },
      "original": {
        "id": "nixpkgs",
        "type": "indirect"
      }
    },
    "root": {
      "inputs": {
        "naersk": "naersk",
        "nixpkgs": "nixpkgs_2",
        "utils": "utils"
      }
    },
    "utils": {
      "locked": {
        "lastModified": 1614513358,
        "narHash": "sha256-LakhOx3S1dRjnh0b5Dg3mbZyH0ToC9I8Y2wKSkBaTzU=",
        "owner": "numtide",
        "repo": "flake-utils",
        "rev": "5466c5bbece17adaab2d82fae80b46e807611bf3",
        "type": "github"
      },
      "original": {
        "owner": "numtide",
        "repo": "flake-utils",
        "type": "github"
      }
    }
  },
  "root": "root",
  "version": 7
}
